// !$*UTF8*$!
{
	archiveVersion = 1;
	classes = {
	};
	objectVersion = 51;
	objects = {

/* Begin PBXBuildFile section */
		28F859342586401A000819F7 /* AppDelegate.swift in Sources */ = {isa = PBXBuildFile; fileRef = 28F859332586401A000819F7 /* AppDelegate.swift */; };
		28F859362586401A000819F7 /* SceneDelegate.swift in Sources */ = {isa = PBXBuildFile; fileRef = 28F859352586401A000819F7 /* SceneDelegate.swift */; };
		28F859382586401A000819F7 /* ViewController.swift in Sources */ = {isa = PBXBuildFile; fileRef = 28F859372586401A000819F7 /* ViewController.swift */; };
		28F8593B2586401A000819F7 /* Main.storyboard in Resources */ = {isa = PBXBuildFile; fileRef = 28F859392586401A000819F7 /* Main.storyboard */; };
		28F8593D2586401B000819F7 /* Assets.xcassets in Resources */ = {isa = PBXBuildFile; fileRef = 28F8593C2586401B000819F7 /* Assets.xcassets */; };
		28F8594A25864334000819F7 /* NetworkMonitor.swift in Sources */ = {isa = PBXBuildFile; fileRef = 28F8594925864334000819F7 /* NetworkMonitor.swift */; };
		28F8595B25864783000819F7 /* GoogleService-Info.plist in Resources */ = {isa = PBXBuildFile; fileRef = 28F8595A25864783000819F7 /* GoogleService-Info.plist */; };
		990276220F6306C0136A016B /* Pods_ScoutiumInternCase.framework in Frameworks */ = {isa = PBXBuildFile; fileRef = CB2C5BB9C304C25DEC4BCDF0 /* Pods_ScoutiumInternCase.framework */; };
/* End PBXBuildFile section */

/* Begin PBXFileReference section */
		28F859302586401A000819F7 /* ScoutiumInternCase.app */ = {isa = PBXFileReference; explicitFileType = wrapper.application; includeInIndex = 0; path = ScoutiumInternCase.app; sourceTree = BUILT_PRODUCTS_DIR; };
		28F859332586401A000819F7 /* AppDelegate.swift */ = {isa = PBXFileReference; lastKnownFileType = sourcecode.swift; path = AppDelegate.swift; sourceTree = "<group>"; };
		28F859352586401A000819F7 /* SceneDelegate.swift */ = {isa = PBXFileReference; lastKnownFileType = sourcecode.swift; path = SceneDelegate.swift; sourceTree = "<group>"; };
		28F859372586401A000819F7 /* ViewController.swift */ = {isa = PBXFileReference; lastKnownFileType = sourcecode.swift; path = ViewController.swift; sourceTree = "<group>"; };
		28F8593A2586401A000819F7 /* Base */ = {isa = PBXFileReference; lastKnownFileType = file.storyboard; name = Base; path = Base.lproj/Main.storyboard; sourceTree = "<group>"; };
		28F8593C2586401B000819F7 /* Assets.xcassets */ = {isa = PBXFileReference; lastKnownFileType = folder.assetcatalog; path = Assets.xcassets; sourceTree = "<group>"; };
		28F859412586401B000819F7 /* Info.plist */ = {isa = PBXFileReference; lastKnownFileType = text.plist.xml; path = Info.plist; sourceTree = "<group>"; };
		28F8594925864334000819F7 /* NetworkMonitor.swift */ = {isa = PBXFileReference; lastKnownFileType = sourcecode.swift; path = NetworkMonitor.swift; sourceTree = "<group>"; };
		28F8595A25864783000819F7 /* GoogleService-Info.plist */ = {isa = PBXFileReference; fileEncoding = 4; lastKnownFileType = text.plist.xml; name = "GoogleService-Info.plist"; path = "../../../../Downloads/GoogleService-Info.plist"; sourceTree = "<group>"; };
		475D5CBC479BCDF446EAC8A0 /* Pods-ScoutiumInternCase.debug.xcconfig */ = {isa = PBXFileReference; includeInIndex = 1; lastKnownFileType = text.xcconfig; name = "Pods-ScoutiumInternCase.debug.xcconfig"; path = "Target Support Files/Pods-ScoutiumInternCase/Pods-ScoutiumInternCase.debug.xcconfig"; sourceTree = "<group>"; };
		CB2C5BB9C304C25DEC4BCDF0 /* Pods_ScoutiumInternCase.framework */ = {isa = PBXFileReference; explicitFileType = wrapper.framework; includeInIndex = 0; path = Pods_ScoutiumInternCase.framework; sourceTree = BUILT_PRODUCTS_DIR; };
		FC5BCB4F0D553A710CB29E4F /* Pods-ScoutiumInternCase.release.xcconfig */ = {isa = PBXFileReference; includeInIndex = 1; lastKnownFileType = text.xcconfig; name = "Pods-ScoutiumInternCase.release.xcconfig"; path = "Target Support Files/Pods-ScoutiumInternCase/Pods-ScoutiumInternCase.release.xcconfig"; sourceTree = "<group>"; };
/* End PBXFileReference section */

/* Begin PBXFrameworksBuildPhase section */
		28F8592D2586401A000819F7 /* Frameworks */ = {
			isa = PBXFrameworksBuildPhase;
			buildActionMask = 2147483647;
			files = (
				990276220F6306C0136A016B /* Pods_ScoutiumInternCase.framework in Frameworks */,
			);
			runOnlyForDeploymentPostprocessing = 0;
		};
/* End PBXFrameworksBuildPhase section */

/* Begin PBXGroup section */
		28F859272586401A000819F7 = {
			isa = PBXGroup;
			children = (
				28F859322586401A000819F7 /* ScoutiumInternCase */,
				28F859312586401A000819F7 /* Products */,
				A4242B082BF32E4FC2A3C4F7 /* Pods */,
				7257CAFD5110DF27E70873D1 /* Frameworks */,
			);
			sourceTree = "<group>";
		};
		28F859312586401A000819F7 /* Products */ = {
			isa = PBXGroup;
			children = (
				28F859302586401A000819F7 /* ScoutiumInternCase.app */,
			);
			name = Products;
			sourceTree = "<group>";
		};
		28F859322586401A000819F7 /* ScoutiumInternCase */ = {
			isa = PBXGroup;
			children = (
				28F859332586401A000819F7 /* AppDelegate.swift */,
				28F859352586401A000819F7 /* SceneDelegate.swift */,
				28F8594925864334000819F7 /* NetworkMonitor.swift */,
				28F859372586401A000819F7 /* ViewController.swift */,
				28F859392586401A000819F7 /* Main.storyboard */,
				28F8593C2586401B000819F7 /* Assets.xcassets */,
				28F859412586401B000819F7 /* Info.plist */,
				28F8595A25864783000819F7 /* GoogleService-Info.plist */,
			);
			path = ScoutiumInternCase;
			sourceTree = "<group>";
		};
		7257CAFD5110DF27E70873D1 /* Frameworks */ = {
			isa = PBXGroup;
			children = (
				CB2C5BB9C304C25DEC4BCDF0 /* Pods_ScoutiumInternCase.framework */,
			);
			name = Frameworks;
			sourceTree = "<group>";
		};
		A4242B082BF32E4FC2A3C4F7 /* Pods */ = {
			isa = PBXGroup;
			children = (
				475D5CBC479BCDF446EAC8A0 /* Pods-ScoutiumInternCase.debug.xcconfig */,
				FC5BCB4F0D553A710CB29E4F /* Pods-ScoutiumInternCase.release.xcconfig */,
			);
			path = Pods;
			sourceTree = "<group>";
		};
/* End PBXGroup section */

/* Begin PBXNativeTarget section */
		28F8592F2586401A000819F7 /* ScoutiumInternCase */ = {
			isa = PBXNativeTarget;
			buildConfigurationList = 28F859442586401B000819F7 /* Build configuration list for PBXNativeTarget "ScoutiumInternCase" */;
			buildPhases = (
				F02562227C553573C872DD63 /* [CP] Check Pods Manifest.lock */,
				28F8592C2586401A000819F7 /* Sources */,
				28F8592D2586401A000819F7 /* Frameworks */,
				28F8592E2586401A000819F7 /* Resources */,
				DD445AAD1E7EF1F97E33920C /* [CP] Embed Pods Frameworks */,
			);
			buildRules = (
			);
			dependencies = (
			);
			name = ScoutiumInternCase;
			productName = ScoutiumInternCase;
			productReference = 28F859302586401A000819F7 /* ScoutiumInternCase.app */;
			productType = "com.apple.product-type.application";
		};
/* End PBXNativeTarget section */

/* Begin PBXProject section */
		28F859282586401A000819F7 /* Project object */ = {
			isa = PBXProject;
			attributes = {
				LastSwiftUpdateCheck = 1220;
				LastUpgradeCheck = 1220;
				TargetAttributes = {
					28F8592F2586401A000819F7 = {
						CreatedOnToolsVersion = 12.2;
					};
				};
			};
			buildConfigurationList = 28F8592B2586401A000819F7 /* Build configuration list for PBXProject "ScoutiumInternCase" */;
			compatibilityVersion = "Xcode 9.3";
			developmentRegion = en;
			hasScannedForEncodings = 0;
			knownRegions = (
				en,
				Base,
			);
			mainGroup = 28F859272586401A000819F7;
			productRefGroup = 28F859312586401A000819F7 /* Products */;
			projectDirPath = "";
			projectRoot = "";
			targets = (
				28F8592F2586401A000819F7 /* ScoutiumInternCase */,
			);
		};
/* End PBXProject section */

/* Begin PBXResourcesBuildPhase section */
		28F8592E2586401A000819F7 /* Resources */ = {
			isa = PBXResourcesBuildPhase;
			buildActionMask = 2147483647;
			files = (
				28F8593D2586401B000819F7 /* Assets.xcassets in Resources */,
				28F8593B2586401A000819F7 /* Main.storyboard in Resources */,
				28F8595B25864783000819F7 /* GoogleService-Info.plist in Resources */,
			);
			runOnlyForDeploymentPostprocessing = 0;
		};
/* End PBXResourcesBuildPhase section */

/* Begin PBXShellScriptBuildPhase section */
		DD445AAD1E7EF1F97E33920C /* [CP] Embed Pods Frameworks */ = {
			isa = PBXShellScriptBuildPhase;
			buildActionMask = 2147483647;
			files = (
			);
			inputFileListPaths = (
				"${PODS_ROOT}/Target Support Files/Pods-ScoutiumInternCase/Pods-ScoutiumInternCase-frameworks-${CONFIGURATION}-input-files.xcfilelist",
			);
			name = "[CP] Embed Pods Frameworks";
			outputFileListPaths = (
				"${PODS_ROOT}/Target Support Files/Pods-ScoutiumInternCase/Pods-ScoutiumInternCase-frameworks-${CONFIGURATION}-output-files.xcfilelist",
			);
			runOnlyForDeploymentPostprocessing = 0;
			shellPath = /bin/sh;
			shellScript = "\"${PODS_ROOT}/Target Support Files/Pods-ScoutiumInternCase/Pods-ScoutiumInternCase-frameworks.sh\"\n";
			showEnvVarsInLog = 0;
		};
		F02562227C553573C872DD63 /* [CP] Check Pods Manifest.lock */ = {
			isa = PBXShellScriptBuildPhase;
			buildActionMask = 2147483647;
			files = (
			);
			inputFileListPaths = (
			);
			inputPaths = (
				"${PODS_PODFILE_DIR_PATH}/Podfile.lock",
				"${PODS_ROOT}/Manifest.lock",
			);
			name = "[CP] Check Pods Manifest.lock";
			outputFileListPaths = (
			);
			outputPaths = (
				"$(DERIVED_FILE_DIR)/Pods-ScoutiumInternCase-checkManifestLockResult.txt",
			);
			runOnlyForDeploymentPostprocessing = 0;
			shellPath = /bin/sh;
			shellScript = "diff \"${PODS_PODFILE_DIR_PATH}/Podfile.lock\" \"${PODS_ROOT}/Manifest.lock\" > /dev/null\nif [ $? != 0 ] ; then\n    # print error to STDERR\n    echo \"error: The sandbox is not in sync with the Podfile.lock. Run 'pod install' or update your CocoaPods installation.\" >&2\n    exit 1\nfi\n# This output is used by Xcode 'outputs' to avoid re-running this script phase.\necho \"SUCCESS\" > \"${SCRIPT_OUTPUT_FILE_0}\"\n";
			showEnvVarsInLog = 0;
		};
/* End PBXShellScriptBuildPhase section */

/* Begin PBXSourcesBuildPhase section */
		28F8592C2586401A000819F7 /* Sources */ = {
			isa = PBXSourcesBuildPhase;
			buildActionMask = 2147483647;
			files = (
				28F859382586401A000819F7 /* ViewController.swift in Sources */,
				28F8594A25864334000819F7 /* NetworkMonitor.swift in Sources */,
				28F859342586401A000819F7 /* AppDelegate.swift in Sources */,
				28F859362586401A000819F7 /* SceneDelegate.swift in Sources */,
			);
			runOnlyForDeploymentPostprocessing = 0;
		};
/* End PBXSourcesBuildPhase section */

/* Begin PBXVariantGroup section */
		28F859392586401A000819F7 /* Main.storyboard */ = {
			isa = PBXVariantGroup;
			children = (
				28F8593A2586401A000819F7 /* Base */,
			);
			name = Main.storyboard;
			sourceTree = "<group>";
		};
/* End PBXVariantGroup section */

/* Begin XCBuildConfiguration section */
		28F859422586401B000819F7 /* Debug */ = {
			isa = XCBuildConfiguration;
			buildSettings = {
				ALWAYS_SEARCH_USER_PATHS = NO;
				CLANG_ANALYZER_NONNULL = YES;
				CLANG_ANALYZER_NUMBER_OBJECT_CONVERSION = YES_AGGRESSIVE;
				CLANG_CXX_LANGUAGE_STANDARD = "gnu++14";
				CLANG_CXX_LIBRARY = "libc++";
				CLANG_ENABLE_MODULES = YES;
				CLANG_ENABLE_OBJC_ARC = YES;
				CLANG_ENABLE_OBJC_WEAK = YES;
				CLANG_WARN_BLOCK_CAPTURE_AUTORELEASING = YES;
				CLANG_WARN_BOOL_CONVERSION = YES;
				CLANG_WARN_COMMA = YES;
				CLANG_WARN_CONSTANT_CONVERSION = YES;
				CLANG_WARN_DEPRECATED_OBJC_IMPLEMENTATIONS = YES;
				CLANG_WARN_DIRECT_OBJC_ISA_USAGE = YES_ERROR;
				CLANG_WARN_DOCUMENTATION_COMMENTS = YES;
				CLANG_WARN_EMPTY_BODY = YES;
				CLANG_WARN_ENUM_CONVERSION = YES;
				CLANG_WARN_INFINITE_RECURSION = YES;
				CLANG_WARN_INT_CONVERSION = YES;
				CLANG_WARN_NON_LITERAL_NULL_CONVERSION = YES;
				CLANG_WARN_OBJC_IMPLICIT_RETAIN_SELF = YES;
				CLANG_WARN_OBJC_LITERAL_CONVERSION = YES;
				CLANG_WARN_OBJC_ROOT_CLASS = YES_ERROR;
				CLANG_WARN_QUOTED_INCLUDE_IN_FRAMEWORK_HEADER = YES;
				CLANG_WARN_RANGE_LOOP_ANALYSIS = YES;
				CLANG_WARN_STRICT_PROTOTYPES = YES;
				CLANG_WARN_SUSPICIOUS_MOVE = YES;
				CLANG_WARN_UNGUARDED_AVAILABILITY = YES_AGGRESSIVE;
				CLANG_WARN_UNREACHABLE_CODE = YES;
				CLANG_WARN__DUPLICATE_METHOD_MATCH = YES;
				COPY_PHASE_STRIP = NO;
				DEBUG_INFORMATION_FORMAT = dwarf;
				ENABLE_STRICT_OBJC_MSGSEND = YES;
				ENABLE_TESTABILITY = YES;
				GCC_C_LANGUAGE_STANDARD = gnu11;
				GCC_DYNAMIC_NO_PIC = NO;
				GCC_NO_COMMON_BLOCKS = YES;
				GCC_OPTIMIZATION_LEVEL = 0;
				GCC_PREPROCESSOR_DEFINITIONS = (
					"DEBUG=1",
					"$(inherited)",
				);
				GCC_WARN_64_TO_32_BIT_CONVERSION = YES;
				GCC_WARN_ABOUT_RETURN_TYPE = YES_ERROR;
				GCC_WARN_UNDECLARED_SELECTOR = YES;
				GCC_WARN_UNINITIALIZED_AUTOS = YES_AGGRESSIVE;
				GCC_WARN_UNUSED_FUNCTION = YES;
				GCC_WARN_UNUSED_VARIABLE = YES;
				IPHONEOS_DEPLOYMENT_TARGET = 14.2;
				MTL_ENABLE_DEBUG_INFO = INCLUDE_SOURCE;
				MTL_FAST_MATH = YES;
				ONLY_ACTIVE_ARCH = YES;
				SDKROOT = iphoneos;
				SWIFT_ACTIVE_COMPILATION_CONDITIONS = DEBUG;
				SWIFT_OPTIMIZATION_LEVEL = "-Onone";
			};
			name = Debug;
		};
		28F859432586401B000819F7 /* Release */ = {
			isa = XCBuildConfiguration;
			buildSettings = {
				ALWAYS_SEARCH_USER_PATHS = NO;
				CLANG_ANALYZER_NONNULL = YES;
				CLANG_ANALYZER_NUMBER_OBJECT_CONVERSION = YES_AGGRESSIVE;
				CLANG_CXX_LANGUAGE_STANDARD = "gnu++14";
				CLANG_CXX_LIBRARY = "libc++";
				CLANG_ENABLE_MODULES = YES;
				CLANG_ENABLE_OBJC_ARC = YES;
				CLANG_ENABLE_OBJC_WEAK = YES;
				CLANG_WARN_BLOCK_CAPTURE_AUTORELEASING = YES;
				CLANG_WARN_BOOL_CONVERSION = YES;
				CLANG_WARN_COMMA = YES;
				CLANG_WARN_CONSTANT_CONVERSION = YES;
				CLANG_WARN_DEPRECATED_OBJC_IMPLEMENTATIONS = YES;
				CLANG_WARN_DIRECT_OBJC_ISA_USAGE = YES_ERROR;
				CLANG_WARN_DOCUMENTATION_COMMENTS = YES;
				CLANG_WARN_EMPTY_BODY = YES;
				CLANG_WARN_ENUM_CONVERSION = YES;
				CLANG_WARN_INFINITE_RECURSION = YES;
				CLANG_WARN_INT_CONVERSION = YES;
				CLANG_WARN_NON_LITERAL_NULL_CONVERSION = YES;
				CLANG_WARN_OBJC_IMPLICIT_RETAIN_SELF = YES;
				CLANG_WARN_OBJC_LITERAL_CONVERSION = YES;
				CLANG_WARN_OBJC_ROOT_CLASS = YES_ERROR;
				CLANG_WARN_QUOTED_INCLUDE_IN_FRAMEWORK_HEADER = YES;
				CLANG_WARN_RANGE_LOOP_ANALYSIS = YES;
				CLANG_WARN_STRICT_PROTOTYPES = YES;
				CLANG_WARN_SUSPICIOUS_MOVE = YES;
				CLANG_WARN_UNGUARDED_AVAILABILITY = YES_AGGRESSIVE;
				CLANG_WARN_UNREACHABLE_CODE = YES;
				CLANG_WARN__DUPLICATE_METHOD_MATCH = YES;
				COPY_PHASE_STRIP = NO;
				DEBUG_INFORMATION_FORMAT = "dwarf-with-dsym";
				ENABLE_NS_ASSERTIONS = NO;
				ENABLE_STRICT_OBJC_MSGSEND = YES;
				GCC_C_LANGUAGE_STANDARD = gnu11;
				GCC_NO_COMMON_BLOCKS = YES;
				GCC_WARN_64_TO_32_BIT_CONVERSION = YES;
				GCC_WARN_ABOUT_RETURN_TYPE = YES_ERROR;
				GCC_WARN_UNDECLARED_SELECTOR = YES;
				GCC_WARN_UNINITIALIZED_AUTOS = YES_AGGRESSIVE;
				GCC_WARN_UNUSED_FUNCTION = YES;
				GCC_WARN_UNUSED_VARIABLE = YES;
				IPHONEOS_DEPLOYMENT_TARGET = 14.2;
				MTL_ENABLE_DEBUG_INFO = NO;
				MTL_FAST_MATH = YES;
				SDKROOT = iphoneos;
				SWIFT_COMPILATION_MODE = wholemodule;
				SWIFT_OPTIMIZATION_LEVEL = "-O";
				VALIDATE_PRODUCT = YES;
			};
			name = Release;
		};
		28F859452586401B000819F7 /* Debug */ = {
			isa = XCBuildConfiguration;
			baseConfigurationReference = 475D5CBC479BCDF446EAC8A0 /* Pods-ScoutiumInternCase.debug.xcconfig */;
			buildSettings = {
				ASSETCATALOG_COMPILER_APPICON_NAME = AppIcon;
				ASSETCATALOG_COMPILER_GLOBAL_ACCENT_COLOR_NAME = AccentColor;
				CODE_SIGN_STYLE = Automatic;
				DEVELOPMENT_TEAM = 9A358TL45Y;
				INFOPLIST_FILE = ScoutiumInternCase/Info.plist;
				LD_RUNPATH_SEARCH_PATHS = (
					"$(inherited)",
					"@executable_path/Frameworks",
				);
				PRODUCT_BUNDLE_IDENTIFIER = com.huseynvaliyev.ScoutiumInternCase;
				PRODUCT_NAME = "$(TARGET_NAME)";
				SWIFT_VERSION = 5.0;
				TARGETED_DEVICE_FAMILY = "1,2";
			};
			name = Debug;
		};
		28F859462586401B000819F7 /* Release */ = {
			isa = XCBuildConfiguration;
			baseConfigurationReference = FC5BCB4F0D553A710CB29E4F /* Pods-ScoutiumInternCase.release.xcconfig */;
			buildSettings = {
				ASSETCATALOG_COMPILER_APPICON_NAME = AppIcon;
				ASSETCATALOG_COMPILER_GLOBAL_ACCENT_COLOR_NAME = AccentColor;
				CODE_SIGN_STYLE = Automatic;
				DEVELOPMENT_TEAM = 9A358TL45Y;
				INFOPLIST_FILE = ScoutiumInternCase/Info.plist;
				LD_RUNPATH_SEARCH_PATHS = (
					"$(inherited)",
					"@executable_path/Frameworks",
				);
				PRODUCT_BUNDLE_IDENTIFIER = com.huseynvaliyev.ScoutiumInternCase;
				PRODUCT_NAME = "$(TARGET_NAME)";
				SWIFT_VERSION = 5.0;
				TARGETED_DEVICE_FAMILY = "1,2";
			};
			name = Release;
		};
/* End XCBuildConfiguration section */

/* Begin XCConfigurationList section */
		28F8592B2586401A000819F7 /* Build configuration list for PBXProject "ScoutiumInternCase" */ = {
			isa = XCConfigurationList;
			buildConfigurations = (
				28F859422586401B000819F7 /* Debug */,
				28F859432586401B000819F7 /* Release */,
			);
			defaultConfigurationIsVisible = 0;
			defaultConfigurationName = Release;
		};
		28F859442586401B000819F7 /* Build configuration list for PBXNativeTarget "ScoutiumInternCase" */ = {
			isa = XCConfigurationList;
			buildConfigurations = (
				28F859452586401B000819F7 /* Debug */,
				28F859462586401B000819F7 /* Release */,
			);
			defaultConfigurationIsVisible = 0;
			defaultConfigurationName = Release;
		};
/* End XCConfigurationList section */
	};
	rootObject = 28F859282586401A000819F7 /* Project object */;
}
